
Microsoft Visual Studio Solution File, Format Version 12.00
# Visual Studio 14
VisualStudioVersion = 14.0.25123.0
MinimumVisualStudioVersion = 10.0.40219.1
Project("{FAE04EC0-301F-11D3-BF4B-00C04F79EFBC}") = "ASP.NET.1607.Day1.Task4.Suhov", "ASP.NET.1607.Day1.Task4.Suhov\ASP.NET.1607.Day1.Task4.Suhov.csproj", "{635844E8-9338-4EAB-A23E-EF7833EB351E}"
EndProject
Project("{FAE04EC0-301F-11D3-BF4B-00C04F79EFBC}") = "ASP.NET.1607.Day1.Task4.Suhov.Tests", "ASP.NET.1607.Day1.Task4.Suhov.Tests\ASP.NET.1607.Day1.Task4.Suhov.Tests.csproj", "{7B3D7975-97D1-4EF5-A397-7541FE7C1391}"
EndProject
Global
	GlobalSection(SolutionConfigurationPlatforms) = preSolution
		Debug|Any CPU = Debug|Any CPU
		Release|Any CPU = Release|Any CPU
	EndGlobalSection
	GlobalSection(ProjectConfigurationPlatforms) = postSolution
		{635844E8-9338-4EAB-A23E-EF7833EB351E}.Debug|Any CPU.ActiveCfg = Debug|Any CPU
		{635844E8-9338-4EAB-A23E-EF7833EB351E}.Debug|Any CPU.Build.0 = Debug|Any CPU
		{635844E8-9338-4EAB-A23E-EF7833EB351E}.Release|Any CPU.ActiveCfg = Release|Any CPU
		{635844E8-9338-4EAB-A23E-EF7833EB351E}.Release|Any CPU.Build.0 = Release|Any CPU
		{7B3D7975-97D1-4EF5-A397-7541FE7C1391}.Debug|Any CPU.ActiveCfg = Debug|Any CPU
		{7B3D7975-97D1-4EF5-A397-7541FE7C1391}.Debug|Any CPU.Build.0 = Debug|Any CPU
		{7B3D7975-97D1-4EF5-A397-7541FE7C1391}.Release|Any CPU.ActiveCfg = Release|Any CPU
		{7B3D7975-97D1-4EF5-A397-7541FE7C1391}.Release|Any CPU.Build.0 = Release|Any CPU
	EndGlobalSection
	GlobalSection(SolutionProperties) = preSolution
		HideSolutionNode = FALSE
	EndGlobalSection
EndGlobal
